{
  "lockfileVersion": 1,
  "workspaces": {
    "": {
      "name": "convex-auth-secret-key",
      "dependencies": {
        "jose": "^6.0.10",
      },
    },
  },
  "packages": {
    "jose": ["jose@6.0.10", "", {}, "sha512-skIAxZqcMkOrSwjJvplIPYrlXGpxTPnro2/QWTDCxAdWQrSTV5/KqspMWmi5WAx5+ULswASJiZ0a+1B/Lxt9cw=="],
  }
}
